"@triton-one/yellowstone-grpc@5.0.2":
  version "5.0.2"
  resolved "https://registry.yarnpkg.com/@triton-one/yellowstone-grpc/-/yellowstone-grpc-5.0.2.tgz#dummy"

"@triton-one/yellowstone-grpc@5.0.4":
  version "5.0.4"
  resolved "https://registry.yarnpkg.com/@triton-one/yellowstone-grpc/-/yellowstone-grpc-5.0.4.tgz#dummy"

rpc-websockets@9.3.2:
  version "9.3.2"
  resolved "https://registry.yarnpkg.com/rpc-websockets/-/rpc-websockets-9.3.2.tgz#dummy"
